{
  "lockfileVersion": 1,
  "workspaces": {
    "": {
      "name": "better-lyrics-status-worker",
      "devDependencies": {
        "@cloudflare/workers-types": "^4.20241218.0",
        "typescript": "^5.4.5",
      },
    },
  },
  "packages": {
    "@cloudflare/workers-types": ["@cloudflare/workers-types@4.20260116.0", "", {}, "sha512-iMZIQDco7ARzzH+r8j90757kbPKEetKY3/6V5UurOzS6T1GJ+rsREw5i7vlBA4XjFV5UMaPtUD6HuUFSMLcxPQ=="],

    "typescript": ["typescript@5.9.3", "", { "bin": { "tsc": "bin/tsc", "tsserver": "bin/tsserver" } }, "sha512-jl1vZzPDinLr9eUt3J/t7V6FgNEw9QjvBPdysz9KfQDD41fQrC2Y4vKQdiaUpFT4bXlb1RHhLpp8wtm6M5TgSw=="],
  }
}
